<?xml version="1.0" encoding="utf-8"?>
<Project ToolsVersion="4.0" xmlns="http://schemas.microsoft.com/developer/msbuild/2003">
  <ItemGroup>
    <Filter Include="Source Files">
      <UniqueIdentifier>{4FC737F1-C7A5-4376-A066-2A32D752A2FF}</UniqueIdentifier>
      <Extensions>cpp;c;cc;cxx;def;odl;idl;hpj;bat;asm;asmx</Extensions>
    </Filter>
    <Filter Include="Header Files">
      <UniqueIdentifier>{93995380-89BD-4b04-88EB-625FBE52EBFB}</UniqueIdentifier>
      <Extensions>h;hh;hpp;hxx;hm;inl;inc;xsd</Extensions>
    </Filter>
    <Filter Include="Resource Files">
      <UniqueIdentifier>{67DA6AB6-F800-4c08-8B7A-83BB121AAD01}</UniqueIdentifier>
      <Extensions>rc;ico;cur;bmp;dlg;rc2;rct;bin;rgs;gif;jpg;jpeg;jpe;resx;tiff;tif;png;wav;mfcribbon-ms</Extensions>
    </Filter>
    <Filter Include="Header Files\DTO">
      <UniqueIdentifier>{84ec855f-2693-4111-94ed-530e01a73e61}</UniqueIdentifier>
    </Filter>
    <Filter Include="Source Files\DTO">
      <UniqueIdentifier>{f04ef2ef-35f3-4d97-b269-43ffd9a2ec79}</UniqueIdentifier>
    </Filter>
    <Filter Include="Header Files\IO">
      <UniqueIdentifier>{6851d831-b400-461b-a9f0-4370310534e3}</UniqueIdentifier>
    </Filter>
    <Filter Include="Source Files\IO">
      <UniqueIdentifier>{8b4d41da-6b63-416f-b8ea-9289d56b26e9}</UniqueIdentifier>
    </Filter>
    <Filter Include="Header Files\IO\Base">
      <UniqueIdentifier>{82caa103-a4d5-4cb7-91e3-e2ac8dafc075}</UniqueIdentifier>
    </Filter>
    <Filter Include="Source Files\IO\Base">
      <UniqueIdentifier>{b0b1dc8e-9a58-4aec-a61d-a245be8ba2b8}</UniqueIdentifier>
    </Filter>
    <Filter Include="Header Files\IO\Sinks">
      <UniqueIdentifier>{80101aa5-9e6b-43d5-8de5-817769a765fa}</UniqueIdentifier>
    </Filter>
    <Filter Include="Source Files\IO\Sinks">
      <UniqueIdentifier>{758fa762-f82e-457c-8b57-27c21fbd9f49}</UniqueIdentifier>
    </Filter>
    <Filter Include="Header Files\VisualC++">
      <UniqueIdentifier>{c3ec16f4-37b9-4ca8-af22-922f3348b187}</UniqueIdentifier>
    </Filter>
    <Filter Include="Header Files\IO\Sources">
      <UniqueIdentifier>{4b6918d7-ddff-416b-b60f-cedc6c9bdb36}</UniqueIdentifier>
    </Filter>
    <Filter Include="Source Files\IO\Sources">
      <UniqueIdentifier>{3e5a02c0-8386-40c3-bee1-f8cb6daf4689}</UniqueIdentifier>
    </Filter>
    <Filter Include="Source Files\VisualC++">
      <UniqueIdentifier>{f9980de3-a8c7-4171-891d-88cfc0bdb0f3}</UniqueIdentifier>
    </Filter>
    <Filter Include="Header Files\Managers">
      <UniqueIdentifier>{0a9ae70b-6add-4339-8f93-fe12b37ff266}</UniqueIdentifier>
    </Filter>
    <Filter Include="Source Files\Managers">
      <UniqueIdentifier>{68fac46a-3776-4345-a5f5-621dca426c1c}</UniqueIdentifier>
    </Filter>
    <Filter Include="Header Files\Configuration">
      <UniqueIdentifier>{cf71956a-ef48-4b23-9b17-9ac583cedaac}</UniqueIdentifier>
    </Filter>
    <Filter Include="Source Files\Configuration">
      <UniqueIdentifier>{1893e6e0-db20-4821-96d4-eac32d006e37}</UniqueIdentifier>
    </Filter>
    <Filter Include="Header Files\Grip">
      <UniqueIdentifier>{c318200b-be6e-47f5-86c3-76b1e5239b32}</UniqueIdentifier>
    </Filter>
    <Filter Include="Source Files\Grip">
      <UniqueIdentifier>{0bc81a45-fde9-44e4-a515-26588687d226}</UniqueIdentifier>
    </Filter>
    <Filter Include="Header Files\Factories">
      <UniqueIdentifier>{db2f51d6-46ad-4aca-8fd2-07efeb70ad39}</UniqueIdentifier>
    </Filter>
    <Filter Include="Source Files\Factories">
      <UniqueIdentifier>{57399f01-52bf-4216-a33f-f56c63b1d1fd}</UniqueIdentifier>
    </Filter>
    <Filter Include="Header Files\IO\Filters">
      <UniqueIdentifier>{9f8d13cd-2119-4049-8330-000624e23913}</UniqueIdentifier>
    </Filter>
    <Filter Include="Source Files\IO\Filters">
      <UniqueIdentifier>{0345bfdf-77a3-4d2f-addd-342569223042}</UniqueIdentifier>
    </Filter>
  </ItemGroup>
  <ItemGroup>
    <Text Include="ReadMe.txt" />
  </ItemGroup>
  <ItemGroup>
    <ClInclude Include="../include/CameraDisplay.h">
      <Filter>Header Files\IO\Sinks</Filter>
    </ClInclude>
    <ClInclude Include="../include/CameraSource.h">
      <Filter>Header Files\IO\Sources</Filter>
    </ClInclude>
    <ClInclude Include="../include/VisionSink.h">
      <Filter>Header Files\IO\Base</Filter>
    </ClInclude>
    <ClInclude Include="../include/VisionSource.h">
      <Filter>Header Files\IO\Base</Filter>
    </ClInclude>
    <ClInclude Include="../include/ConfigurationReader.h">
      <Filter>Header Files\Configuration</Filter>
    </ClInclude>
    <ClInclude Include="../include/ImageData.h">
      <Filter>Header Files\DTO</Filter>
    </ClInclude>
    <ClInclude Include="../include/VisionManagerFactory.h">
      <Filter>Header Files\Factories</Filter>
    </ClInclude>
    <ClInclude Include="../include/VisionManager.h">
      <Filter>Header Files\Managers</Filter>
    </ClInclude>
    <ClInclude Include="../include/stdafx.h">
      <Filter>Header Files\VisualC++</Filter>
    </ClInclude>
    <ClInclude Include="../include/targetver.h">
      <Filter>Header Files\VisualC++</Filter>
    </ClInclude>
    <ClInclude Include="../include/IoEntity.h">
      <Filter>Header Files\IO\Base</Filter>
    </ClInclude>
    <ClInclude Include="../include/GripPipeline.h">
      <Filter>Header Files\Grip</Filter>
    </ClInclude>
    <ClInclude Include="../include/RawCameraSource.h">
      <Filter>Header Files\IO\Sources</Filter>
    </ClInclude>
    <ClInclude Include="../include/VisionConfiguration.h">
      <Filter>Header Files\Configuration</Filter>
    </ClInclude>
    <ClInclude Include="..\include\TextDisplay.h">
      <Filter>Header Files\IO\Sinks</Filter>
    </ClInclude>
    <ClInclude Include="..\include\VisionFilter.h">
      <Filter>Header Files\IO\Base</Filter>
    </ClInclude>
    <ClInclude Include="..\include\TargetFilter.h">
      <Filter>Header Files\IO\Filters</Filter>
    </ClInclude>
    <ClInclude Include="..\include\SingleVisionFilter.h">
      <Filter>Header Files\IO\Base</Filter>
    </ClInclude>
    <ClInclude Include="..\include\TargetPairFilter.h">
      <Filter>Header Files\IO\Filters</Filter>
    </ClInclude>
  </ItemGroup>
  <ItemGroup>
    <ClCompile Include="OpencvTest.cpp">
      <Filter>Source Files</Filter>
    </ClCompile>
    <ClCompile Include="ImageData.cpp">
      <Filter>Source Files\DTO</Filter>
    </ClCompile>
    <ClCompile Include="VisionConfiguration.cpp">
      <Filter>Source Files\DTO</Filter>
    </ClCompile>
    <ClCompile Include="IoEntity.cpp">
      <Filter>Source Files\IO\Base</Filter>
    </ClCompile>
    <ClCompile Include="CameraDisplay.cpp">
      <Filter>Source Files\IO\Sinks</Filter>
    </ClCompile>
    <ClCompile Include="VisionSink.cpp">
      <Filter>Source Files\IO\Base</Filter>
    </ClCompile>
    <ClCompile Include="VisionSource.cpp">
      <Filter>Source Files\IO\Base</Filter>
    </ClCompile>
    <ClCompile Include="CameraSource.cpp">
      <Filter>Source Files\IO\Sources</Filter>
    </ClCompile>
    <ClCompile Include="stdafx.cpp">
      <Filter>Source Files\VisualC++</Filter>
    </ClCompile>
    <ClCompile Include="VisionManager.cpp">
      <Filter>Source Files\Managers</Filter>
    </ClCompile>
    <ClCompile Include="ConfigurationReader.cpp">
      <Filter>Source Files\Configuration</Filter>
    </ClCompile>
    <ClCompile Include="GripPipeline.cpp">
      <Filter>Source Files\Grip</Filter>
    </ClCompile>
    <ClCompile Include="VisionManagerFactory.cpp">
      <Filter>Source Files\Factories</Filter>
    </ClCompile>
    <ClCompile Include="RawCameraSource.cpp">
      <Filter>Source Files\IO\Sources</Filter>
    </ClCompile>
    <ClCompile Include="TextDisplay.cpp">
      <Filter>Source Files\IO\Sinks</Filter>
    </ClCompile>
    <ClCompile Include="VisionFilter.cpp">
      <Filter>Source Files\IO\Base</Filter>
    </ClCompile>
    <ClCompile Include="TargetFilter.cpp">
      <Filter>Source Files\IO\Filters</Filter>
    </ClCompile>
    <ClCompile Include="SingleVisionFilter.cpp">
      <Filter>Source Files\IO\Base</Filter>
    </ClCompile>
    <ClCompile Include="TargetPairFilter.cpp">
      <Filter>Source Files\IO\Filters</Filter>
    </ClCompile>
  </ItemGroup>
</Project>